// !$*UTF8*$!
{
	archiveVersion = 1;
	classes = {
	};
	objectVersion = 42;
	objects = {
		D7BA7D76DAB5DD13389D6332 = {
			buildActionMask = 2147483647;
			files = (
				);
			generatedFileNames = (
				);
			isa = PBXShellScriptBuildPhase;
			name = "Qt Qmake";
			neededFileNames = (
				);
			shellPath = "/bin/sh";
			shellScript = "make\ -C\ /Users/vector/src/animator/tau\ -f\ \'tau.xcodeproj/qt_makeqmake.mak\'";
		};
		F40043E2B6B51EB5648D4464 = {
			isa = PBXFileReference;
			name = "robot.cpp";
			path = "robot.cpp";
			refType = 4;
			lastKnownFileType = "sourcecode.cpp.cpp";
		};
		6AFA1842F0321FEEDE50AA6D = {
			fileRef = "F40043E2B6B51EB5648D4464";
			isa = PBXBuildFile;
			settings = {
				ATTRIBUTES = (
					);
			};
		};
		DED68BA9D26A75B182D65104 = {
			isa = PBXFileReference;
			name = "tau.cpp";
			path = "tau.cpp";
			refType = 4;
			lastKnownFileType = "sourcecode.cpp.cpp";
		};
		5D7B54A1F4FAC7E5254A96BA = {
			fileRef = "DED68BA9D26A75B182D65104";
			isa = PBXBuildFile;
			settings = {
				ATTRIBUTES = (
					);
			};
		};
		B8A4354023D10F262AD0A872 = {
			isa = PBXFileReference;
			name = "OdeRobot.cpp";
			path = "OdeRobot.cpp";
			refType = 4;
			lastKnownFileType = "sourcecode.cpp.cpp";
		};
		F2CADF7978C81025789BD0E3 = {
			fileRef = "B8A4354023D10F262AD0A872";
			isa = PBXBuildFile;
			settings = {
				ATTRIBUTES = (
					);
			};
		};
		60E8A70A56EC73FA923CFD74 = {
			isa = PBXFileReference;
			name = "TauRobot.cpp";
			path = "TauRobot.cpp";
			refType = 4;
			lastKnownFileType = "sourcecode.cpp.cpp";
		};
		34E1C212A94D6F6663DA6A41 = {
			fileRef = "60E8A70A56EC73FA923CFD74";
			isa = PBXBuildFile;
			settings = {
				ATTRIBUTES = (
					);
			};
		};
		8518E613B299F97F93D5B1FD = {
			isa = PBXFileReference;
			name = "OdeRobot.hpp";
			path = "OdeRobot.hpp";
			refType = 4;
		};
		048DEE3463DE4B7E2AC024FF = {
			isa = PBXFileReference;
			name = "TauRobot.hpp";
			path = "TauRobot.hpp";
			refType = 4;
		};
		EE78394A370D289032DE0600 = {
			isa = PBXFileReference;
			name = "TauSystemIncludes.hpp";
			path = "TauSystemIncludes.hpp";
			refType = 4;
		};
		461390BF7A1321F2CDFF8DD4 = {
			isa = PBXFileReference;
			name = "robot.hpp";
			path = "robot.hpp";
			refType = 4;
		};
		4DD9D7A188632B42CE368C3C = {
			isa = PBXFileReference;
			name = "tau.hpp";
			path = "tau.hpp";
			refType = 4;
		};
		76F208F6722C4F5B89B23644 = {
			isa = PBXFileReference;
			name = "tau.pro";
			path = "tau.pro";
			refType = 4;
		};
		883D7615C4D2DE3FA1218F12 = {
			isa = PBXGroup;
			children = (
				"8518E613B299F97F93D5B1FD",
				"048DEE3463DE4B7E2AC024FF",
				"EE78394A370D289032DE0600",
				"461390BF7A1321F2CDFF8DD4",
				"4DD9D7A188632B42CE368C3C");
			name = "Headers";
			refType = 4;
		};
		FB61758D0F0FDA4BA867C3D5 = {
			isa = PBXGroup;
			children = (
				"F40043E2B6B51EB5648D4464",
				"DED68BA9D26A75B182D65104",
				"B8A4354023D10F262AD0A872",
				"60E8A70A56EC73FA923CFD74");
			name = "Sources";
			refType = 4;
		};
		7CABE3C80E79AD2B307756D2 = {
			isa = PBXGroup;
			children = (
				"76F208F6722C4F5B89B23644");
			name = "Sources [qmake]";
			refType = 4;
		};
		A0A52A2ADF7A1E2A99738674 = {
			buildActionMask = 2147483647;
			files = (
				);
			generatedFileNames = (
				"6AFA1842F0321FEEDE50AA6D",
				"5D7B54A1F4FAC7E5254A96BA",
				"F2CADF7978C81025789BD0E3",
				"34E1C212A94D6F6663DA6A41");
			isa = PBXShellScriptBuildPhase;
			name = "Qt Preprocessors";
			neededFileNames = (
				"6AFA1842F0321FEEDE50AA6D",
				"5D7B54A1F4FAC7E5254A96BA",
				"F2CADF7978C81025789BD0E3",
				"34E1C212A94D6F6663DA6A41");
			shellPath = "/bin/sh";
			shellScript = "make\ -C\ /Users/vector/src/animator/tau\ -f\ \'tau.xcodeproj/qt_preprocess.mak\'";
		};
		C29B8785722055ED95EF7B57 = {
			buildActionMask = 2147483647;
			files = (
				"6AFA1842F0321FEEDE50AA6D",
				"5D7B54A1F4FAC7E5254A96BA",
				"F2CADF7978C81025789BD0E3",
				"34E1C212A94D6F6663DA6A41");
			isa = PBXSourcesBuildPhase;
			name = "Build Sources";
		};
		2A1043669E6E5A7426EA502A = {
			buildActionMask = 2147483647;
			files = (
				);
			isa = PBXFrameworksBuildPhase;
			name = "Frameworks & Libraries";
		};
		F6069D5A5DA8AA28EDB8B3C6 = {
			name = "Project Copy";
			buildActionMask = 2147483647;
			dstPath = "/Users/vector/src/animator/tau";
			dstSubfolderSpec = 0;
			files = (
"07E0DFA73EB56DCB9E28CDD9");
			isa = PBXCopyFilesBuildPhase;
			runOnlyForDeploymentPostprocessing = 0;
		};
		07E0DFA73EB56DCB9E28CDD9 = {
			fileRef = "7940C4943B5974FA17ABA9CE";
			isa = PBXBuildFile;
			settings = {
			};
		};
		05596AB53D8D521C69802C27 = {
			children = (
				"FB61758D0F0FDA4BA867C3D5",
				"883D7615C4D2DE3FA1218F12",
				"7CABE3C80E79AD2B307756D2");
			isa = PBXGroup;
			name = "tau";
			path = "";
			refType = 4;
		};
		7940C4943B5974FA17ABA9CE = {
			isa = PBXFileReference;
			explicitFileType = "compiled.mach-o.dylib";
			path = "libtau.a";
			refType = 3;
			sourceTree = BUILT_PRODUCTS_DIR;
		};
		068F80C7519D0528FB08E821 = {
			children = (
				"7940C4943B5974FA17ABA9CE");
			isa = PBXGroup;
			name = "Products";
			refType = 4;
		};
		702307A66EB8A8567DEA4AFF = {
			buildPhases = (
				"D7BA7D76DAB5DD13389D6332",
				"A0A52A2ADF7A1E2A99738674",
				"F6069D5A5DA8AA28EDB8B3C6",
				"C29B8785722055ED95EF7B57",
				"2A1043669E6E5A7426EA502A");
			buildSettings = {
				HEADER_SEARCH_PATHS = (
					"/usr/include",
					"/opt/local/include/",
					"/opt/local/include/eigen2",
					"/usr/local/include",
					"/usr/local/Cellar/eigen/2.0.15/include/eigen2",
					".",
					"/usr/local/include",
					"/System/Library/Frameworks/CarbonCore.framework/Headers",
					"/usr/local/Qt4.7/mkspecs/macx-xcode");
				LIBRARY_SEARCH_PATHS = (
					);
				OPTIMIZATION_CFLAGS = (
					);
				OTHER_CFLAGS = (
					"-pipe",
					"-g",
					"-Wall",
					"-W",
					"-fPIC",
					"-DdDOUBLE");
				OTHER_CPLUSPLUSFLAGS = (
					"-pipe",
					"-pedantic",
					"-W",
					"-Wall",
					"-Wextra",
					"-Wno-unused-variable",
					"-Wno-unused-parameter",
					"-g",
					"-Wall",
					"-W",
					"-fPIC",
					"-DdDOUBLE");
				LEXFLAGS = "";
				YACCFLAGS = "-d";
				OTHER_REZFLAGS = "";
				SECTORDER_FLAGS = "";
				WARNING_CFLAGS = "";
				PREBINDING = NO;
				BUILD_ROOT = "/Users/vector/src/animator/tau";
				INSTALL_PATH = "";
				DYLIB_CURRENT_VERSION = "0.1.1";
				DYLIB_COMPATIBILITY_VERSION = "0.1";
				MACOSX_DEPLOYMENT_TARGET = "10.4";
				ARCHS = "x86_64";
				LIBRARY_STYLE = "STATIC";
				PRODUCT_NAME = "tau";
			};
			conditionalBuildSettings = {
			};
			dependencies = (
				);
			productReference = "7940C4943B5974FA17ABA9CE";
			shouldUseHeadermap = 1;
			isa = PBXNativeTarget;
			name = "tau";
			productName = "tau";
			productType = "com.apple.product-type.library.static";
			startupPath = "<<ProjectDirectory>>";
		};
		8DB1DD96F65B1BF1FFC506E0 = {
			isa = XCBuildConfiguration;
			buildSettings = {
				COPY_PHASE_STRIP = "NO";
				GCC_GENERATE_DEBUGGING_SYMBOLS = "YES";
				GCC_OPTIMIZATION_LEVEL = "0";
			};
			name = "Debug";
		};
		2C641C3335766025DD51B7BD = {
			buildRules = (
				);
			buildSettings = {
				COPY_PHASE_STRIP = "NO";
				GCC_GENERATE_DEBUGGING_SYMBOLS = "YES";
				GCC_OPTIMIZATION_LEVEL = "0";
			};
			isa = "PBXBuildStyle";
			name = "Debug";
		};
		95E1EB2E5DDD587BE5B3E548 = {
			isa = XCBuildConfiguration;
			buildSettings = {
				COPY_PHASE_STRIP = "YES";
				GCC_GENERATE_DEBUGGING_SYMBOLS = "NO";
			};
			name = "Release";
		};
		26DE8D2AEA4B3714B41E931F = {
			buildRules = (
				);
			buildSettings = {
				COPY_PHASE_STRIP = "YES";
				GCC_GENERATE_DEBUGGING_SYMBOLS = "NO";
			};
			isa = "PBXBuildStyle";
			name = "Release";
		};
		2A951308CDB28F104D0A4BD2 = {
			isa = XCConfigurationList;
			buildConfigurations = (
				"8DB1DD96F65B1BF1FFC506E0",
				"95E1EB2E5DDD587BE5B3E548");
			defaultConfigurationIsVisible = 0;
			defaultConfigurationIsName = "Debug";
		};
		91B15E841AA80083484172DE = {
			buildStyles = (
				"2C641C3335766025DD51B7BD",
				"26DE8D2AEA4B3714B41E931F");
			hasScannedForEncodings = 1;
			isa = PBXProject;
			mainGroup = "05596AB53D8D521C69802C27";
			buildConfigurationList = "2A951308CDB28F104D0A4BD2";
			projectDirPath = "";
			targets = (
				"702307A66EB8A8567DEA4AFF");
		};
	};
	rootObject = "91B15E841AA80083484172DE";
}
